
Microsoft Visual Studio Solution File, Format Version 12.00
# Visual Studio 15
VisualStudioVersion = 15.0.26124.0
MinimumVisualStudioVersion = 15.0.26124.0
Project("{FAE04EC0-301F-11D3-BF4B-00C04F79EFBC}") = "Api.FinancialApp.Application", "Api.FinancialApp.Application\Api.FinancialApp.Application.csproj", "{E0CEA82A-BCB4-4F01-A9B5-19AD59DB66CC}"
EndProject
Project("{FAE04EC0-301F-11D3-BF4B-00C04F79EFBC}") = "Api.FinancialApp.Domain", "Api.FinancialApp.Domain\Api.FinancialApp.Domain.csproj", "{722350BC-B8DD-49B8-8C49-354CC2208043}"
EndProject
Project("{FAE04EC0-301F-11D3-BF4B-00C04F79EFBC}") = "Api.FinancialApp.CrossCutting", "Api.FinancialApp.CrossCutting\Api.FinancialApp.CrossCutting.csproj", "{55A778F5-A67D-45E7-B576-15265662EAE3}"
EndProject
Project("{FAE04EC0-301F-11D3-BF4B-00C04F79EFBC}") = "Api.FinancialApp.Data", "Api.FinancialApp.Data\Api.FinancialApp.Data.csproj", "{7F59CA8A-C63D-4685-ADE3-536EF32BEB41}"
EndProject
Project("{FAE04EC0-301F-11D3-BF4B-00C04F79EFBC}") = "Api.FinancialApp.Service", "Api.FinancialApp.Service\Api.FinancialApp.Service.csproj", "{A356B060-3F3F-482E-ABA1-95B30B222C8A}"
EndProject
Global
	GlobalSection(SolutionConfigurationPlatforms) = preSolution
		Debug|Any CPU = Debug|Any CPU
		Debug|x64 = Debug|x64
		Debug|x86 = Debug|x86
		Release|Any CPU = Release|Any CPU
		Release|x64 = Release|x64
		Release|x86 = Release|x86
	EndGlobalSection
	GlobalSection(SolutionProperties) = preSolution
		HideSolutionNode = FALSE
	EndGlobalSection
	GlobalSection(ProjectConfigurationPlatforms) = postSolution
		{E0CEA82A-BCB4-4F01-A9B5-19AD59DB66CC}.Debug|Any CPU.ActiveCfg = Debug|Any CPU
		{E0CEA82A-BCB4-4F01-A9B5-19AD59DB66CC}.Debug|Any CPU.Build.0 = Debug|Any CPU
		{E0CEA82A-BCB4-4F01-A9B5-19AD59DB66CC}.Debug|x64.ActiveCfg = Debug|Any CPU
		{E0CEA82A-BCB4-4F01-A9B5-19AD59DB66CC}.Debug|x64.Build.0 = Debug|Any CPU
		{E0CEA82A-BCB4-4F01-A9B5-19AD59DB66CC}.Debug|x86.ActiveCfg = Debug|Any CPU
		{E0CEA82A-BCB4-4F01-A9B5-19AD59DB66CC}.Debug|x86.Build.0 = Debug|Any CPU
		{E0CEA82A-BCB4-4F01-A9B5-19AD59DB66CC}.Release|Any CPU.ActiveCfg = Release|Any CPU
		{E0CEA82A-BCB4-4F01-A9B5-19AD59DB66CC}.Release|Any CPU.Build.0 = Release|Any CPU
		{E0CEA82A-BCB4-4F01-A9B5-19AD59DB66CC}.Release|x64.ActiveCfg = Release|Any CPU
		{E0CEA82A-BCB4-4F01-A9B5-19AD59DB66CC}.Release|x64.Build.0 = Release|Any CPU
		{E0CEA82A-BCB4-4F01-A9B5-19AD59DB66CC}.Release|x86.ActiveCfg = Release|Any CPU
		{E0CEA82A-BCB4-4F01-A9B5-19AD59DB66CC}.Release|x86.Build.0 = Release|Any CPU
		{722350BC-B8DD-49B8-8C49-354CC2208043}.Debug|Any CPU.ActiveCfg = Debug|Any CPU
		{722350BC-B8DD-49B8-8C49-354CC2208043}.Debug|Any CPU.Build.0 = Debug|Any CPU
		{722350BC-B8DD-49B8-8C49-354CC2208043}.Debug|x64.ActiveCfg = Debug|Any CPU
		{722350BC-B8DD-49B8-8C49-354CC2208043}.Debug|x64.Build.0 = Debug|Any CPU
		{722350BC-B8DD-49B8-8C49-354CC2208043}.Debug|x86.ActiveCfg = Debug|Any CPU
		{722350BC-B8DD-49B8-8C49-354CC2208043}.Debug|x86.Build.0 = Debug|Any CPU
		{722350BC-B8DD-49B8-8C49-354CC2208043}.Release|Any CPU.ActiveCfg = Release|Any CPU
		{722350BC-B8DD-49B8-8C49-354CC2208043}.Release|Any CPU.Build.0 = Release|Any CPU
		{722350BC-B8DD-49B8-8C49-354CC2208043}.Release|x64.ActiveCfg = Release|Any CPU
		{722350BC-B8DD-49B8-8C49-354CC2208043}.Release|x64.Build.0 = Release|Any CPU
		{722350BC-B8DD-49B8-8C49-354CC2208043}.Release|x86.ActiveCfg = Release|Any CPU
		{722350BC-B8DD-49B8-8C49-354CC2208043}.Release|x86.Build.0 = Release|Any CPU
		{55A778F5-A67D-45E7-B576-15265662EAE3}.Debug|Any CPU.ActiveCfg = Debug|Any CPU
		{55A778F5-A67D-45E7-B576-15265662EAE3}.Debug|Any CPU.Build.0 = Debug|Any CPU
		{55A778F5-A67D-45E7-B576-15265662EAE3}.Debug|x64.ActiveCfg = Debug|Any CPU
		{55A778F5-A67D-45E7-B576-15265662EAE3}.Debug|x64.Build.0 = Debug|Any CPU
		{55A778F5-A67D-45E7-B576-15265662EAE3}.Debug|x86.ActiveCfg = Debug|Any CPU
		{55A778F5-A67D-45E7-B576-15265662EAE3}.Debug|x86.Build.0 = Debug|Any CPU
		{55A778F5-A67D-45E7-B576-15265662EAE3}.Release|Any CPU.ActiveCfg = Release|Any CPU
		{55A778F5-A67D-45E7-B576-15265662EAE3}.Release|Any CPU.Build.0 = Release|Any CPU
		{55A778F5-A67D-45E7-B576-15265662EAE3}.Release|x64.ActiveCfg = Release|Any CPU
		{55A778F5-A67D-45E7-B576-15265662EAE3}.Release|x64.Build.0 = Release|Any CPU
		{55A778F5-A67D-45E7-B576-15265662EAE3}.Release|x86.ActiveCfg = Release|Any CPU
		{55A778F5-A67D-45E7-B576-15265662EAE3}.Release|x86.Build.0 = Release|Any CPU
		{7F59CA8A-C63D-4685-ADE3-536EF32BEB41}.Debug|Any CPU.ActiveCfg = Debug|Any CPU
		{7F59CA8A-C63D-4685-ADE3-536EF32BEB41}.Debug|Any CPU.Build.0 = Debug|Any CPU
		{7F59CA8A-C63D-4685-ADE3-536EF32BEB41}.Debug|x64.ActiveCfg = Debug|Any CPU
		{7F59CA8A-C63D-4685-ADE3-536EF32BEB41}.Debug|x64.Build.0 = Debug|Any CPU
		{7F59CA8A-C63D-4685-ADE3-536EF32BEB41}.Debug|x86.ActiveCfg = Debug|Any CPU
		{7F59CA8A-C63D-4685-ADE3-536EF32BEB41}.Debug|x86.Build.0 = Debug|Any CPU
		{7F59CA8A-C63D-4685-ADE3-536EF32BEB41}.Release|Any CPU.ActiveCfg = Release|Any CPU
		{7F59CA8A-C63D-4685-ADE3-536EF32BEB41}.Release|Any CPU.Build.0 = Release|Any CPU
		{7F59CA8A-C63D-4685-ADE3-536EF32BEB41}.Release|x64.ActiveCfg = Release|Any CPU
		{7F59CA8A-C63D-4685-ADE3-536EF32BEB41}.Release|x64.Build.0 = Release|Any CPU
		{7F59CA8A-C63D-4685-ADE3-536EF32BEB41}.Release|x86.ActiveCfg = Release|Any CPU
		{7F59CA8A-C63D-4685-ADE3-536EF32BEB41}.Release|x86.Build.0 = Release|Any CPU
		{A356B060-3F3F-482E-ABA1-95B30B222C8A}.Debug|Any CPU.ActiveCfg = Debug|Any CPU
		{A356B060-3F3F-482E-ABA1-95B30B222C8A}.Debug|Any CPU.Build.0 = Debug|Any CPU
		{A356B060-3F3F-482E-ABA1-95B30B222C8A}.Debug|x64.ActiveCfg = Debug|Any CPU
		{A356B060-3F3F-482E-ABA1-95B30B222C8A}.Debug|x64.Build.0 = Debug|Any CPU
		{A356B060-3F3F-482E-ABA1-95B30B222C8A}.Debug|x86.ActiveCfg = Debug|Any CPU
		{A356B060-3F3F-482E-ABA1-95B30B222C8A}.Debug|x86.Build.0 = Debug|Any CPU
		{A356B060-3F3F-482E-ABA1-95B30B222C8A}.Release|Any CPU.ActiveCfg = Release|Any CPU
		{A356B060-3F3F-482E-ABA1-95B30B222C8A}.Release|Any CPU.Build.0 = Release|Any CPU
		{A356B060-3F3F-482E-ABA1-95B30B222C8A}.Release|x64.ActiveCfg = Release|Any CPU
		{A356B060-3F3F-482E-ABA1-95B30B222C8A}.Release|x64.Build.0 = Release|Any CPU
		{A356B060-3F3F-482E-ABA1-95B30B222C8A}.Release|x86.ActiveCfg = Release|Any CPU
		{A356B060-3F3F-482E-ABA1-95B30B222C8A}.Release|x86.Build.0 = Release|Any CPU
	EndGlobalSection
EndGlobal
